
Microsoft Visual Studio Solution File, Format Version 12.00
# Visual Studio Version 17
VisualStudioVersion = 17.5.33627.172
MinimumVisualStudioVersion = 10.0.40219.1
Project("{00D1A9C2-B5F0-4AF3-8072-F6C62B433612}") = "NCCM.Staging", "NCCM.Staging\NCCM.Staging.sqlproj", "{D6807E60-9709-4161-B54D-B4F8972374FE}"
EndProject
Project("{C9674DCB-5085-4A16-B785-4C70DD1589BD}") = "NCCM.Integration", "NCCM.Integration\NCCM.Integration.dtproj", "{337F1E07-0BFB-4765-808C-3F4EAEE0A42A}"
EndProject
Project("{00D1A9C2-B5F0-4AF3-8072-F6C62B433612}") = "NCCM.Reporting", "NCCM.Reporting\NCCM.Reporting.sqlproj", "{19965A2D-78C0-4C10-9D4F-0CDF0F71429D}"
EndProject
Project("{00D1A9C2-B5F0-4AF3-8072-F6C62B433612}") = "FNC.Reporting", "FNC.Reporting\FNC.Reporting.sqlproj", "{5F9FC931-CF30-4C1D-A1EB-018825C1641C}"
EndProject
Project("{00D1A9C2-B5F0-4AF3-8072-F6C62B433612}") = "FNC.Staging", "FNC.Staging\FNC.Staging.sqlproj", "{D0E8FC8C-2771-427D-AFFC-0BDFF9B608A8}"
EndProject
Global
	GlobalSection(SolutionConfigurationPlatforms) = preSolution
		Debug|Any CPU = Debug|Any CPU
		Development|Any CPU = Development|Any CPU
		Release|Any CPU = Release|Any CPU
	EndGlobalSection
	GlobalSection(ProjectConfigurationPlatforms) = postSolution
		{D6807E60-9709-4161-B54D-B4F8972374FE}.Debug|Any CPU.ActiveCfg = Debug|Any CPU
		{D6807E60-9709-4161-B54D-B4F8972374FE}.Debug|Any CPU.Build.0 = Debug|Any CPU
		{D6807E60-9709-4161-B54D-B4F8972374FE}.Debug|Any CPU.Deploy.0 = Debug|Any CPU
		{D6807E60-9709-4161-B54D-B4F8972374FE}.Development|Any CPU.ActiveCfg = Debug|Any CPU
		{D6807E60-9709-4161-B54D-B4F8972374FE}.Development|Any CPU.Build.0 = Debug|Any CPU
		{D6807E60-9709-4161-B54D-B4F8972374FE}.Development|Any CPU.Deploy.0 = Debug|Any CPU
		{D6807E60-9709-4161-B54D-B4F8972374FE}.Release|Any CPU.ActiveCfg = Release|Any CPU
		{D6807E60-9709-4161-B54D-B4F8972374FE}.Release|Any CPU.Build.0 = Release|Any CPU
		{D6807E60-9709-4161-B54D-B4F8972374FE}.Release|Any CPU.Deploy.0 = Release|Any CPU
		{337F1E07-0BFB-4765-808C-3F4EAEE0A42A}.Debug|Any CPU.ActiveCfg = Development
		{337F1E07-0BFB-4765-808C-3F4EAEE0A42A}.Debug|Any CPU.Build.0 = Development
		{337F1E07-0BFB-4765-808C-3F4EAEE0A42A}.Development|Any CPU.ActiveCfg = Development
		{337F1E07-0BFB-4765-808C-3F4EAEE0A42A}.Development|Any CPU.Build.0 = Development
		{337F1E07-0BFB-4765-808C-3F4EAEE0A42A}.Release|Any CPU.ActiveCfg = Development
		{337F1E07-0BFB-4765-808C-3F4EAEE0A42A}.Release|Any CPU.Build.0 = Development
		{19965A2D-78C0-4C10-9D4F-0CDF0F71429D}.Debug|Any CPU.ActiveCfg = Debug|Any CPU
		{19965A2D-78C0-4C10-9D4F-0CDF0F71429D}.Debug|Any CPU.Build.0 = Debug|Any CPU
		{19965A2D-78C0-4C10-9D4F-0CDF0F71429D}.Debug|Any CPU.Deploy.0 = Debug|Any CPU
		{19965A2D-78C0-4C10-9D4F-0CDF0F71429D}.Development|Any CPU.ActiveCfg = Debug|Any CPU
		{19965A2D-78C0-4C10-9D4F-0CDF0F71429D}.Development|Any CPU.Build.0 = Debug|Any CPU
		{19965A2D-78C0-4C10-9D4F-0CDF0F71429D}.Development|Any CPU.Deploy.0 = Debug|Any CPU
		{19965A2D-78C0-4C10-9D4F-0CDF0F71429D}.Release|Any CPU.ActiveCfg = Release|Any CPU
		{19965A2D-78C0-4C10-9D4F-0CDF0F71429D}.Release|Any CPU.Build.0 = Release|Any CPU
		{19965A2D-78C0-4C10-9D4F-0CDF0F71429D}.Release|Any CPU.Deploy.0 = Release|Any CPU
		{5F9FC931-CF30-4C1D-A1EB-018825C1641C}.Debug|Any CPU.ActiveCfg = Debug|Any CPU
		{5F9FC931-CF30-4C1D-A1EB-018825C1641C}.Debug|Any CPU.Build.0 = Debug|Any CPU
		{5F9FC931-CF30-4C1D-A1EB-018825C1641C}.Debug|Any CPU.Deploy.0 = Debug|Any CPU
		{5F9FC931-CF30-4C1D-A1EB-018825C1641C}.Development|Any CPU.ActiveCfg = Debug|Any CPU
		{5F9FC931-CF30-4C1D-A1EB-018825C1641C}.Development|Any CPU.Build.0 = Debug|Any CPU
		{5F9FC931-CF30-4C1D-A1EB-018825C1641C}.Development|Any CPU.Deploy.0 = Debug|Any CPU
		{5F9FC931-CF30-4C1D-A1EB-018825C1641C}.Release|Any CPU.ActiveCfg = Release|Any CPU
		{5F9FC931-CF30-4C1D-A1EB-018825C1641C}.Release|Any CPU.Build.0 = Release|Any CPU
		{5F9FC931-CF30-4C1D-A1EB-018825C1641C}.Release|Any CPU.Deploy.0 = Release|Any CPU
		{D0E8FC8C-2771-427D-AFFC-0BDFF9B608A8}.Debug|Any CPU.ActiveCfg = Debug|Any CPU
		{D0E8FC8C-2771-427D-AFFC-0BDFF9B608A8}.Debug|Any CPU.Build.0 = Debug|Any CPU
		{D0E8FC8C-2771-427D-AFFC-0BDFF9B608A8}.Debug|Any CPU.Deploy.0 = Debug|Any CPU
		{D0E8FC8C-2771-427D-AFFC-0BDFF9B608A8}.Development|Any CPU.ActiveCfg = Debug|Any CPU
		{D0E8FC8C-2771-427D-AFFC-0BDFF9B608A8}.Development|Any CPU.Build.0 = Debug|Any CPU
		{D0E8FC8C-2771-427D-AFFC-0BDFF9B608A8}.Development|Any CPU.Deploy.0 = Debug|Any CPU
		{D0E8FC8C-2771-427D-AFFC-0BDFF9B608A8}.Release|Any CPU.ActiveCfg = Release|Any CPU
		{D0E8FC8C-2771-427D-AFFC-0BDFF9B608A8}.Release|Any CPU.Build.0 = Release|Any CPU
		{D0E8FC8C-2771-427D-AFFC-0BDFF9B608A8}.Release|Any CPU.Deploy.0 = Release|Any CPU
	EndGlobalSection
	GlobalSection(SolutionProperties) = preSolution
		HideSolutionNode = FALSE
	EndGlobalSection
	GlobalSection(ExtensibilityGlobals) = postSolution
		SolutionGuid = {F75E6B86-EF20-43EA-90EF-0BEEB075553D}
	EndGlobalSection
EndGlobal
